<Solution>
  <Folder Name="/src/">
    <Project Path="src/Planner.Api/Planner.Api.csproj" />
    <Project Path="src/Planner.Application/Planner.Application.csproj" />
    <Project Path="src/Planner.Domain/Planner.Domain.csproj" />
    <Project Path="src/Planner.Infrastructure/Planner.Infrastructure.csproj" />
  </Folder>
</Solution>
